{
  "name": "json-alternative",
  "version": "1.0.0",
  "lockfileVersion": 3,
  "requires": true,
  "packages": {
    "": {
      "name": "json-alternative",
      "version": "1.0.0",
      "license": "ISC",
      "dependencies": {
        "adm-zip": "0.5.12",
        "csv42": "5.0.0"
      }
    },
    "node_modules/adm-zip": {
      "version": "0.5.12",
      "resolved": "https://registry.npmjs.org/adm-zip/-/adm-zip-0.5.12.tgz",
      "integrity": "sha512-6TVU49mK6KZb4qG6xWaaM4C7sA/sgUMLy/JYMOzkcp3BvVLpW0fXDFQiIzAuxFCt/2+xD7fNIiPFAoLZPhVNLQ==",
      "engines": {
        "node": ">=6.0"
      }
    },
    "node_modules/csv42": {
      "version": "5.0.0",
      "resolved": "https://registry.npmjs.org/csv42/-/csv42-5.0.0.tgz",
      "integrity": "sha512-CUniGKBgHkEkpcPJYC41r8b5PJO1J80W2QmrSeuVDWkiH+bt3wcz16odu62DT/9V6AbfwnCojf1QcPOH2ibfhQ=="
    }
  }
}
